// !$*UTF8*$!
{
	archiveVersion = 1;
	classes = {
	};
	objectVersion = 50;
	objects = {

/* Begin PBXBuildFile section */
		15D1A52B20BA22A200884A1B /* AppDelegate.swift in Sources */ = {isa = PBXBuildFile; fileRef = 15D1A52A20BA22A200884A1B /* AppDelegate.swift */; };
		15D1A52D20BA22A200884A1B /* ViewController.swift in Sources */ = {isa = PBXBuildFile; fileRef = 15D1A52C20BA22A200884A1B /* ViewController.swift */; };
		15D1A53020BA22A200884A1B /* Main.storyboard in Resources */ = {isa = PBXBuildFile; fileRef = 15D1A52E20BA22A200884A1B /* Main.storyboard */; };
		15D1A53220BA22A300884A1B /* Assets.xcassets in Resources */ = {isa = PBXBuildFile; fileRef = 15D1A53120BA22A300884A1B /* Assets.xcassets */; };
		15D1A53520BA22A300884A1B /* LaunchScreen.storyboard in Resources */ = {isa = PBXBuildFile; fileRef = 15D1A53320BA22A300884A1B /* LaunchScreen.storyboard */; };
		15E7C43B2128BE0C004D227C /* bshop.jpeg in Resources */ = {isa = PBXBuildFile; fileRef = 15E7C4332128BE0C004D227C /* bshop.jpeg */; };
		B2AB045320C9A82600E82DD9 /* Alamofire.framework in Frameworks */ = {isa = PBXBuildFile; fileRef = B2AB044620C9A6C200E82DD9 /* Alamofire.framework */; };
		B2AB045420C9A82600E82DD9 /* Alamofire.framework in Embed Frameworks */ = {isa = PBXBuildFile; fileRef = B2AB044620C9A6C200E82DD9 /* Alamofire.framework */; settings = {ATTRIBUTES = (CodeSignOnCopy, RemoveHeadersOnCopy, ); }; };
/* End PBXBuildFile section */

/* Begin PBXContainerItemProxy section */
		15D1A53C20BA22A300884A1B /* PBXContainerItemProxy */ = {
			isa = PBXContainerItemProxy;
			containerPortal = 15D1A51F20BA22A100884A1B /* Project object */;
			proxyType = 1;
			remoteGlobalIDString = 15D1A52620BA22A100884A1B;
			remoteInfo = GetPretty;
		};
		15D1A54720BA22A300884A1B /* PBXContainerItemProxy */ = {
			isa = PBXContainerItemProxy;
			containerPortal = 15D1A51F20BA22A100884A1B /* Project object */;
			proxyType = 1;
			remoteGlobalIDString = 15D1A52620BA22A100884A1B;
			remoteInfo = GetPretty;
		};
		B2AB044520C9A6C200E82DD9 /* PBXContainerItemProxy */ = {
			isa = PBXContainerItemProxy;
			containerPortal = B2AB043A20C9A6C200E82DD9 /* Alamofire.xcodeproj */;
			proxyType = 2;
			remoteGlobalIDString = F8111E3319A95C8B0040E7D1;
			remoteInfo = "Alamofire iOS";
		};
		B2AB044720C9A6C200E82DD9 /* PBXContainerItemProxy */ = {
			isa = PBXContainerItemProxy;
			containerPortal = B2AB043A20C9A6C200E82DD9 /* Alamofire.xcodeproj */;
			proxyType = 2;
			remoteGlobalIDString = F8111E3E19A95C8B0040E7D1;
			remoteInfo = "Alamofire iOS Tests";
		};
		B2AB044920C9A6C200E82DD9 /* PBXContainerItemProxy */ = {
			isa = PBXContainerItemProxy;
			containerPortal = B2AB043A20C9A6C200E82DD9 /* Alamofire.xcodeproj */;
			proxyType = 2;
			remoteGlobalIDString = 4DD67C0B1A5C55C900ED2280;
			remoteInfo = "Alamofire macOS";
		};
		B2AB044B20C9A6C200E82DD9 /* PBXContainerItemProxy */ = {
			isa = PBXContainerItemProxy;
			containerPortal = B2AB043A20C9A6C200E82DD9 /* Alamofire.xcodeproj */;
			proxyType = 2;
			remoteGlobalIDString = F829C6B21A7A94F100A2CD59;
			remoteInfo = "Alamofire macOS Tests";
		};
		B2AB044D20C9A6C200E82DD9 /* PBXContainerItemProxy */ = {
			isa = PBXContainerItemProxy;
			containerPortal = B2AB043A20C9A6C200E82DD9 /* Alamofire.xcodeproj */;
			proxyType = 2;
			remoteGlobalIDString = 4CF626EF1BA7CB3E0011A099;
			remoteInfo = "Alamofire tvOS";
		};
		B2AB044F20C9A6C200E82DD9 /* PBXContainerItemProxy */ = {
			isa = PBXContainerItemProxy;
			containerPortal = B2AB043A20C9A6C200E82DD9 /* Alamofire.xcodeproj */;
			proxyType = 2;
			remoteGlobalIDString = 4CF626F81BA7CB3E0011A099;
			remoteInfo = "Alamofire tvOS Tests";
		};
		B2AB045120C9A6C200E82DD9 /* PBXContainerItemProxy */ = {
			isa = PBXContainerItemProxy;
			containerPortal = B2AB043A20C9A6C200E82DD9 /* Alamofire.xcodeproj */;
			proxyType = 2;
			remoteGlobalIDString = E4202FE01B667AA100C997FB;
			remoteInfo = "Alamofire watchOS";
		};
		B2AB045520C9A82600E82DD9 /* PBXContainerItemProxy */ = {
			isa = PBXContainerItemProxy;
			containerPortal = B2AB043A20C9A6C200E82DD9 /* Alamofire.xcodeproj */;
			proxyType = 1;
			remoteGlobalIDString = F8111E3219A95C8B0040E7D1;
			remoteInfo = "Alamofire iOS";
		};
/* End PBXContainerItemProxy section */

/* Begin PBXCopyFilesBuildPhase section */
		B2AB045720C9A82600E82DD9 /* Embed Frameworks */ = {
			isa = PBXCopyFilesBuildPhase;
			buildActionMask = 2147483647;
			dstPath = "";
			dstSubfolderSpec = 10;
			files = (
				B2AB045420C9A82600E82DD9 /* Alamofire.framework in Embed Frameworks */,
			);
			name = "Embed Frameworks";
			runOnlyForDeploymentPostprocessing = 0;
		};
/* End PBXCopyFilesBuildPhase section */

/* Begin PBXFileReference section */
		157297C32137587B001DCD63 /* GetPrettyTests.xctest */ = {isa = PBXFileReference; explicitFileType = wrapper.cfbundle; includeInIndex = 0; path = GetPrettyTests.xctest; sourceTree = BUILT_PRODUCTS_DIR; };
		157297C42137587B001DCD63 /* GetPrettyUITests.xctest */ = {isa = PBXFileReference; explicitFileType = wrapper.cfbundle; includeInIndex = 0; path = GetPrettyUITests.xctest; sourceTree = BUILT_PRODUCTS_DIR; };
		15D1A52A20BA22A200884A1B /* AppDelegate.swift */ = {isa = PBXFileReference; lastKnownFileType = sourcecode.swift; path = AppDelegate.swift; sourceTree = "<group>"; };
		15D1A52C20BA22A200884A1B /* ViewController.swift */ = {isa = PBXFileReference; lastKnownFileType = sourcecode.swift; path = ViewController.swift; sourceTree = "<group>"; };
		15D1A52F20BA22A200884A1B /* Base */ = {isa = PBXFileReference; lastKnownFileType = file.storyboard; name = Base; path = Base.lproj/Main.storyboard; sourceTree = "<group>"; };
		15D1A53120BA22A300884A1B /* Assets.xcassets */ = {isa = PBXFileReference; lastKnownFileType = folder.assetcatalog; path = Assets.xcassets; sourceTree = "<group>"; };
		15D1A53420BA22A300884A1B /* Base */ = {isa = PBXFileReference; lastKnownFileType = file.storyboard; name = Base; path = Base.lproj/LaunchScreen.storyboard; sourceTree = "<group>"; };
		15D1A53620BA22A300884A1B /* Info.plist */ = {isa = PBXFileReference; lastKnownFileType = text.plist.xml; path = Info.plist; sourceTree = "<group>"; };
		15E7C4332128BE0C004D227C /* bshop.jpeg */ = {isa = PBXFileReference; lastKnownFileType = image.jpeg; path = bshop.jpeg; sourceTree = "<group>"; };
		B2AB043720C9A41700E82DD9 /* GetPretty.app */ = {isa = PBXFileReference; explicitFileType = wrapper.application; includeInIndex = 0; path = GetPretty.app; sourceTree = BUILT_PRODUCTS_DIR; };
		B2AB043A20C9A6C200E82DD9 /* Alamofire.xcodeproj */ = {isa = PBXFileReference; lastKnownFileType = "wrapper.pb-project"; name = Alamofire.xcodeproj; path = Alamofire/Alamofire.xcodeproj; sourceTree = "<group>"; };
/* End PBXFileReference section */

/* Begin PBXFrameworksBuildPhase section */
		15D1A52420BA22A100884A1B /* Frameworks */ = {
			isa = PBXFrameworksBuildPhase;
			buildActionMask = 2147483647;
			files = (
				B2AB045320C9A82600E82DD9 /* Alamofire.framework in Frameworks */,
			);
			runOnlyForDeploymentPostprocessing = 0;
		};
		15D1A53820BA22A300884A1B /* Frameworks */ = {
			isa = PBXFrameworksBuildPhase;
			buildActionMask = 2147483647;
			files = (
			);
			runOnlyForDeploymentPostprocessing = 0;
		};
		15D1A54320BA22A300884A1B /* Frameworks */ = {
			isa = PBXFrameworksBuildPhase;
			buildActionMask = 2147483647;
			files = (
			);
			runOnlyForDeploymentPostprocessing = 0;
		};
/* End PBXFrameworksBuildPhase section */

/* Begin PBXGroup section */
		15D1A51E20BA22A100884A1B = {
			isa = PBXGroup;
			children = (
				B2AB043A20C9A6C200E82DD9 /* Alamofire.xcodeproj */,
				15D1A52920BA22A100884A1B /* GetPretty */,
				B2AB043720C9A41700E82DD9 /* GetPretty.app */,
				157297C32137587B001DCD63 /* GetPrettyTests.xctest */,
				157297C42137587B001DCD63 /* GetPrettyUITests.xctest */,
			);
			sourceTree = "<group>";
		};
		15D1A52920BA22A100884A1B /* GetPretty */ = {
			isa = PBXGroup;
			children = (
				15E7C4332128BE0C004D227C /* bshop.jpeg */,
				15D1A52A20BA22A200884A1B /* AppDelegate.swift */,
				15D1A52C20BA22A200884A1B /* ViewController.swift */,
				15D1A52E20BA22A200884A1B /* Main.storyboard */,
				15D1A53120BA22A300884A1B /* Assets.xcassets */,
				15D1A53320BA22A300884A1B /* LaunchScreen.storyboard */,
				15D1A53620BA22A300884A1B /* Info.plist */,
			);
			path = GetPretty;
			sourceTree = "<group>";
		};
		B2AB043B20C9A6C200E82DD9 /* Products */ = {
			isa = PBXGroup;
			children = (
				B2AB044620C9A6C200E82DD9 /* Alamofire.framework */,
				B2AB044820C9A6C200E82DD9 /* Alamofire iOS Tests.xctest */,
				B2AB044A20C9A6C200E82DD9 /* Alamofire.framework */,
				B2AB044C20C9A6C200E82DD9 /* Alamofire macOS Tests.xctest */,
				B2AB044E20C9A6C200E82DD9 /* Alamofire.framework */,
				B2AB045020C9A6C200E82DD9 /* Alamofire tvOS Tests.xctest */,
				B2AB045220C9A6C200E82DD9 /* Alamofire.framework */,
			);
			name = Products;
			sourceTree = "<group>";
		};
/* End PBXGroup section */

/* Begin PBXNativeTarget section */
		15D1A52620BA22A100884A1B /* GetPretty */ = {
			isa = PBXNativeTarget;
			buildConfigurationList = 15D1A54F20BA22A300884A1B /* Build configuration list for PBXNativeTarget "GetPretty" */;
			buildPhases = (
				15D1A52320BA22A100884A1B /* Sources */,
				15D1A52420BA22A100884A1B /* Frameworks */,
				15D1A52520BA22A100884A1B /* Resources */,
				B2AB045720C9A82600E82DD9 /* Embed Frameworks */,
			);
			buildRules = (
			);
			dependencies = (
				B2AB045620C9A82600E82DD9 /* PBXTargetDependency */,
			);
			name = GetPretty;
			productName = GetPretty;
			productReference = B2AB043720C9A41700E82DD9 /* GetPretty.app */;
			productType = "com.apple.product-type.application";
		};
		15D1A53A20BA22A300884A1B /* GetPrettyTests */ = {
			isa = PBXNativeTarget;
			buildConfigurationList = 15D1A55220BA22A300884A1B /* Build configuration list for PBXNativeTarget "GetPrettyTests" */;
			buildPhases = (
				15D1A53720BA22A300884A1B /* Sources */,
				15D1A53820BA22A300884A1B /* Frameworks */,
				15D1A53920BA22A300884A1B /* Resources */,
			);
			buildRules = (
			);
			dependencies = (
				15D1A53D20BA22A300884A1B /* PBXTargetDependency */,
			);
			name = GetPrettyTests;
			productName = GetPrettyTests;
			productReference = 157297C32137587B001DCD63 /* GetPrettyTests.xctest */;
			productType = "com.apple.product-type.bundle.unit-test";
		};
		15D1A54520BA22A300884A1B /* GetPrettyUITests */ = {
			isa = PBXNativeTarget;
			buildConfigurationList = 15D1A55520BA22A300884A1B /* Build configuration list for PBXNativeTarget "GetPrettyUITests" */;
			buildPhases = (
				15D1A54220BA22A300884A1B /* Sources */,
				15D1A54320BA22A300884A1B /* Frameworks */,
				15D1A54420BA22A300884A1B /* Resources */,
			);
			buildRules = (
			);
			dependencies = (
				15D1A54820BA22A300884A1B /* PBXTargetDependency */,
			);
			name = GetPrettyUITests;
			productName = GetPrettyUITests;
			productReference = 157297C42137587B001DCD63 /* GetPrettyUITests.xctest */;
			productType = "com.apple.product-type.bundle.ui-testing";
		};
/* End PBXNativeTarget section */

/* Begin PBXProject section */
		15D1A51F20BA22A100884A1B /* Project object */ = {
			isa = PBXProject;
			attributes = {
				LastSwiftUpdateCheck = 0930;
				LastUpgradeCheck = 0930;
				ORGANIZATIONNAME = zygium;
				TargetAttributes = {
					15D1A52620BA22A100884A1B = {
						CreatedOnToolsVersion = 9.3.1;
					};
					15D1A53A20BA22A300884A1B = {
						CreatedOnToolsVersion = 9.3.1;
						TestTargetID = 15D1A52620BA22A100884A1B;
					};
					15D1A54520BA22A300884A1B = {
						CreatedOnToolsVersion = 9.3.1;
						TestTargetID = 15D1A52620BA22A100884A1B;
					};
				};
			};
			buildConfigurationList = 15D1A52220BA22A100884A1B /* Build configuration list for PBXProject "GetPretty" */;
			compatibilityVersion = "Xcode 9.3";
			developmentRegion = en;
			hasScannedForEncodings = 0;
			knownRegions = (
				en,
				Base,
			);
			mainGroup = 15D1A51E20BA22A100884A1B;
			productRefGroup = 15D1A51E20BA22A100884A1B;
			projectDirPath = "";
			projectReferences = (
				{
					ProductGroup = B2AB043B20C9A6C200E82DD9 /* Products */;
					ProjectRef = B2AB043A20C9A6C200E82DD9 /* Alamofire.xcodeproj */;
				},
			);
			projectRoot = "";
			targets = (
				15D1A52620BA22A100884A1B /* GetPretty */,
				15D1A53A20BA22A300884A1B /* GetPrettyTests */,
				15D1A54520BA22A300884A1B /* GetPrettyUITests */,
			);
		};
/* End PBXProject section */

/* Begin PBXReferenceProxy section */
		B2AB044620C9A6C200E82DD9 /* Alamofire.framework */ = {
			isa = PBXReferenceProxy;
			fileType = wrapper.framework;
			path = Alamofire.framework;
			remoteRef = B2AB044520C9A6C200E82DD9 /* PBXContainerItemProxy */;
			sourceTree = BUILT_PRODUCTS_DIR;
		};
		B2AB044820C9A6C200E82DD9 /* Alamofire iOS Tests.xctest */ = {
			isa = PBXReferenceProxy;
			fileType = wrapper.cfbundle;
			path = "Alamofire iOS Tests.xctest";
			remoteRef = B2AB044720C9A6C200E82DD9 /* PBXContainerItemProxy */;
			sourceTree = BUILT_PRODUCTS_DIR;
		};
		B2AB044A20C9A6C200E82DD9 /* Alamofire.framework */ = {
			isa = PBXReferenceProxy;
			fileType = wrapper.framework;
			path = Alamofire.framework;
			remoteRef = B2AB044920C9A6C200E82DD9 /* PBXContainerItemProxy */;
			sourceTree = BUILT_PRODUCTS_DIR;
		};
		B2AB044C20C9A6C200E82DD9 /* Alamofire macOS Tests.xctest */ = {
			isa = PBXReferenceProxy;
			fileType = wrapper.cfbundle;
			path = "Alamofire macOS Tests.xctest";
			remoteRef = B2AB044B20C9A6C200E82DD9 /* PBXContainerItemProxy */;
			sourceTree = BUILT_PRODUCTS_DIR;
		};
		B2AB044E20C9A6C200E82DD9 /* Alamofire.framework */ = {
			isa = PBXReferenceProxy;
			fileType = wrapper.framework;
			path = Alamofire.framework;
			remoteRef = B2AB044D20C9A6C200E82DD9 /* PBXContainerItemProxy */;
			sourceTree = BUILT_PRODUCTS_DIR;
		};
		B2AB045020C9A6C200E82DD9 /* Alamofire tvOS Tests.xctest */ = {
			isa = PBXReferenceProxy;
			fileType = wrapper.cfbundle;
			path = "Alamofire tvOS Tests.xctest";
			remoteRef = B2AB044F20C9A6C200E82DD9 /* PBXContainerItemProxy */;
			sourceTree = BUILT_PRODUCTS_DIR;
		};
		B2AB045220C9A6C200E82DD9 /* Alamofire.framework */ = {
			isa = PBXReferenceProxy;
			fileType = wrapper.framework;
			path = Alamofire.framework;
			remoteRef = B2AB045120C9A6C200E82DD9 /* PBXContainerItemProxy */;
			sourceTree = BUILT_PRODUCTS_DIR;
		};
/* End PBXReferenceProxy section */

/* Begin PBXResourcesBuildPhase section */
		15D1A52520BA22A100884A1B /* Resources */ = {
			isa = PBXResourcesBuildPhase;
			buildActionMask = 2147483647;
			files = (
				15D1A53520BA22A300884A1B /* LaunchScreen.storyboard in Resources */,
				15D1A53220BA22A300884A1B /* Assets.xcassets in Resources */,
				15E7C43B2128BE0C004D227C /* bshop.jpeg in Resources */,
				15D1A53020BA22A200884A1B /* Main.storyboard in Resources */,
			);
			runOnlyForDeploymentPostprocessing = 0;
		};
		15D1A53920BA22A300884A1B /* Resources */ = {
			isa = PBXResourcesBuildPhase;
			buildActionMask = 2147483647;
			files = (
			);
			runOnlyForDeploymentPostprocessing = 0;
		};
		15D1A54420BA22A300884A1B /* Resources */ = {
			isa = PBXResourcesBuildPhase;
			buildActionMask = 2147483647;
			files = (
			);
			runOnlyForDeploymentPostprocessing = 0;
		};
/* End PBXResourcesBuildPhase section */

/* Begin PBXSourcesBuildPhase section */
		15D1A52320BA22A100884A1B /* Sources */ = {
			isa = PBXSourcesBuildPhase;
			buildActionMask = 2147483647;
			files = (
				15D1A52D20BA22A200884A1B /* ViewController.swift in Sources */,
				15D1A52B20BA22A200884A1B /* AppDelegate.swift in Sources */,
			);
			runOnlyForDeploymentPostprocessing = 0;
		};
		15D1A53720BA22A300884A1B /* Sources */ = {
			isa = PBXSourcesBuildPhase;
			buildActionMask = 2147483647;
			files = (
			);
			runOnlyForDeploymentPostprocessing = 0;
		};
		15D1A54220BA22A300884A1B /* Sources */ = {
			isa = PBXSourcesBuildPhase;
			buildActionMask = 2147483647;
			files = (
			);
			runOnlyForDeploymentPostprocessing = 0;
		};
/* End PBXSourcesBuildPhase section */

/* Begin PBXTargetDependency section */
		15D1A53D20BA22A300884A1B /* PBXTargetDependency */ = {
			isa = PBXTargetDependency;
			target = 15D1A52620BA22A100884A1B /* GetPretty */;
			targetProxy = 15D1A53C20BA22A300884A1B /* PBXContainerItemProxy */;
		};
		15D1A54820BA22A300884A1B /* PBXTargetDependency */ = {
			isa = PBXTargetDependency;
			target = 15D1A52620BA22A100884A1B /* GetPretty */;
			targetProxy = 15D1A54720BA22A300884A1B /* PBXContainerItemProxy */;
		};
		B2AB045620C9A82600E82DD9 /* PBXTargetDependency */ = {
			isa = PBXTargetDependency;
			name = "Alamofire iOS";
			targetProxy = B2AB045520C9A82600E82DD9 /* PBXContainerItemProxy */;
		};
/* End PBXTargetDependency section */

/* Begin PBXVariantGroup section */
		15D1A52E20BA22A200884A1B /* Main.storyboard */ = {
			isa = PBXVariantGroup;
			children = (
				15D1A52F20BA22A200884A1B /* Base */,
			);
			name = Main.storyboard;
			sourceTree = "<group>";
		};
		15D1A53320BA22A300884A1B /* LaunchScreen.storyboard */ = {
			isa = PBXVariantGroup;
			children = (
				15D1A53420BA22A300884A1B /* Base */,
			);
			name = LaunchScreen.storyboard;
			sourceTree = "<group>";
		};
/* End PBXVariantGroup section */

/* Begin XCBuildConfiguration section */
		15D1A54D20BA22A300884A1B /* Debug */ = {
			isa = XCBuildConfiguration;
			buildSettings = {
				ALWAYS_SEARCH_USER_PATHS = NO;
				CLANG_ANALYZER_NONNULL = YES;
				CLANG_ANALYZER_NUMBER_OBJECT_CONVERSION = YES_AGGRESSIVE;
				CLANG_CXX_LANGUAGE_STANDARD = "gnu++14";
				CLANG_CXX_LIBRARY = "libc++";
				CLANG_ENABLE_MODULES = YES;
				CLANG_ENABLE_OBJC_ARC = YES;
				CLANG_ENABLE_OBJC_WEAK = YES;
				CLANG_WARN_BLOCK_CAPTURE_AUTORELEASING = YES;
				CLANG_WARN_BOOL_CONVERSION = YES;
				CLANG_WARN_COMMA = YES;
				CLANG_WARN_CONSTANT_CONVERSION = YES;
				CLANG_WARN_DEPRECATED_OBJC_IMPLEMENTATIONS = YES;
				CLANG_WARN_DIRECT_OBJC_ISA_USAGE = YES_ERROR;
				CLANG_WARN_DOCUMENTATION_COMMENTS = YES;
				CLANG_WARN_EMPTY_BODY = YES;
				CLANG_WARN_ENUM_CONVERSION = YES;
				CLANG_WARN_INFINITE_RECURSION = YES;
				CLANG_WARN_INT_CONVERSION = YES;
				CLANG_WARN_NON_LITERAL_NULL_CONVERSION = YES;
				CLANG_WARN_OBJC_IMPLICIT_RETAIN_SELF = YES;
				CLANG_WARN_OBJC_LITERAL_CONVERSION = YES;
				CLANG_WARN_OBJC_ROOT_CLASS = YES_ERROR;
				CLANG_WARN_RANGE_LOOP_ANALYSIS = YES;
				CLANG_WARN_STRICT_PROTOTYPES = YES;
				CLANG_WARN_SUSPICIOUS_MOVE = YES;
				CLANG_WARN_UNGUARDED_AVAILABILITY = YES_AGGRESSIVE;
				CLANG_WARN_UNREACHABLE_CODE = YES;
				CLANG_WARN__DUPLICATE_METHOD_MATCH = YES;
				CODE_SIGN_IDENTITY = "iPhone Developer";
				COPY_PHASE_STRIP = NO;
				DEBUG_INFORMATION_FORMAT = dwarf;
				ENABLE_STRICT_OBJC_MSGSEND = YES;
				ENABLE_TESTABILITY = YES;
				GCC_C_LANGUAGE_STANDARD = gnu11;
				GCC_DYNAMIC_NO_PIC = NO;
				GCC_NO_COMMON_BLOCKS = YES;
				GCC_OPTIMIZATION_LEVEL = 0;
				GCC_PREPROCESSOR_DEFINITIONS = (
					"DEBUG=1",
					"$(inherited)",
				);
				GCC_WARN_64_TO_32_BIT_CONVERSION = YES;
				GCC_WARN_ABOUT_RETURN_TYPE = YES_ERROR;
				GCC_WARN_UNDECLARED_SELECTOR = YES;
				GCC_WARN_UNINITIALIZED_AUTOS = YES_AGGRESSIVE;
				GCC_WARN_UNUSED_FUNCTION = YES;
				GCC_WARN_UNUSED_VARIABLE = YES;
				IPHONEOS_DEPLOYMENT_TARGET = 11.3;
				MTL_ENABLE_DEBUG_INFO = YES;
				ONLY_ACTIVE_ARCH = YES;
				SDKROOT = iphoneos;
				SWIFT_ACTIVE_COMPILATION_CONDITIONS = DEBUG;
				SWIFT_OPTIMIZATION_LEVEL = "-Onone";
			};
			name = Debug;
		};
		15D1A54E20BA22A300884A1B /* Release */ = {
			isa = XCBuildConfiguration;
			buildSettings = {
				ALWAYS_SEARCH_USER_PATHS = NO;
				CLANG_ANALYZER_NONNULL = YES;
				CLANG_ANALYZER_NUMBER_OBJECT_CONVERSION = YES_AGGRESSIVE;
				CLANG_CXX_LANGUAGE_STANDARD = "gnu++14";
				CLANG_CXX_LIBRARY = "libc++";
				CLANG_ENABLE_MODULES = YES;
				CLANG_ENABLE_OBJC_ARC = YES;
				CLANG_ENABLE_OBJC_WEAK = YES;
				CLANG_WARN_BLOCK_CAPTURE_AUTORELEASING = YES;
				CLANG_WARN_BOOL_CONVERSION = YES;
				CLANG_WARN_COMMA = YES;
				CLANG_WARN_CONSTANT_CONVERSION = YES;
				CLANG_WARN_DEPRECATED_OBJC_IMPLEMENTATIONS = YES;
				CLANG_WARN_DIRECT_OBJC_ISA_USAGE = YES_ERROR;
				CLANG_WARN_DOCUMENTATION_COMMENTS = YES;
				CLANG_WARN_EMPTY_BODY = YES;
				CLANG_WARN_ENUM_CONVERSION = YES;
				CLANG_WARN_INFINITE_RECURSION = YES;
				CLANG_WARN_INT_CONVERSION = YES;
				CLANG_WARN_NON_LITERAL_NULL_CONVERSION = YES;
				CLANG_WARN_OBJC_IMPLICIT_RETAIN_SELF = YES;
				CLANG_WARN_OBJC_LITERAL_CONVERSION = YES;
				CLANG_WARN_OBJC_ROOT_CLASS = YES_ERROR;
				CLANG_WARN_RANGE_LOOP_ANALYSIS = YES;
				CLANG_WARN_STRICT_PROTOTYPES = YES;
				CLANG_WARN_SUSPICIOUS_MOVE = YES;
				CLANG_WARN_UNGUARDED_AVAILABILITY = YES_AGGRESSIVE;
				CLANG_WARN_UNREACHABLE_CODE = YES;
				CLANG_WARN__DUPLICATE_METHOD_MATCH = YES;
				CODE_SIGN_IDENTITY = "iPhone Developer";
				COPY_PHASE_STRIP = NO;
				DEBUG_INFORMATION_FORMAT = "dwarf-with-dsym";
				ENABLE_NS_ASSERTIONS = NO;
				ENABLE_STRICT_OBJC_MSGSEND = YES;
				GCC_C_LANGUAGE_STANDARD = gnu11;
				GCC_NO_COMMON_BLOCKS = YES;
				GCC_WARN_64_TO_32_BIT_CONVERSION = YES;
				GCC_WARN_ABOUT_RETURN_TYPE = YES_ERROR;
				GCC_WARN_UNDECLARED_SELECTOR = YES;
				GCC_WARN_UNINITIALIZED_AUTOS = YES_AGGRESSIVE;
				GCC_WARN_UNUSED_FUNCTION = YES;
				GCC_WARN_UNUSED_VARIABLE = YES;
				IPHONEOS_DEPLOYMENT_TARGET = 11.3;
				MTL_ENABLE_DEBUG_INFO = NO;
				SDKROOT = iphoneos;
				SWIFT_COMPILATION_MODE = wholemodule;
				SWIFT_OPTIMIZATION_LEVEL = "-O";
				VALIDATE_PRODUCT = YES;
			};
			name = Release;
		};
		15D1A55020BA22A300884A1B /* Debug */ = {
			isa = XCBuildConfiguration;
			buildSettings = {
				ALWAYS_EMBED_SWIFT_STANDARD_LIBRARIES = YES;
				ASSETCATALOG_COMPILER_APPICON_NAME = AppIcon;
				CODE_SIGN_STYLE = Automatic;
				INFOPLIST_FILE = GetPretty/Info.plist;
				LD_RUNPATH_SEARCH_PATHS = (
					"$(inherited)",
					"@executable_path/Frameworks",
				);
				PRODUCT_BUNDLE_IDENTIFIER = com.zygium.GetPretty;
				PRODUCT_NAME = "$(TARGET_NAME)";
				SWIFT_VERSION = 4.0;
				TARGETED_DEVICE_FAMILY = "1,2";
			};
			name = Debug;
		};
		15D1A55120BA22A300884A1B /* Release */ = {
			isa = XCBuildConfiguration;
			buildSettings = {
				ALWAYS_EMBED_SWIFT_STANDARD_LIBRARIES = YES;
				ASSETCATALOG_COMPILER_APPICON_NAME = AppIcon;
				CODE_SIGN_STYLE = Automatic;
				INFOPLIST_FILE = GetPretty/Info.plist;
				LD_RUNPATH_SEARCH_PATHS = (
					"$(inherited)",
					"@executable_path/Frameworks",
				);
				PRODUCT_BUNDLE_IDENTIFIER = com.zygium.GetPretty;
				PRODUCT_NAME = "$(TARGET_NAME)";
				SWIFT_VERSION = 4.0;
				TARGETED_DEVICE_FAMILY = "1,2";
			};
			name = Release;
		};
		15D1A55320BA22A300884A1B /* Debug */ = {
			isa = XCBuildConfiguration;
			buildSettings = {
				ALWAYS_EMBED_SWIFT_STANDARD_LIBRARIES = YES;
				BUNDLE_LOADER = "$(TEST_HOST)";
				CODE_SIGN_STYLE = Automatic;
				INFOPLIST_FILE = GetPrettyTests/Info.plist;
				LD_RUNPATH_SEARCH_PATHS = (
					"$(inherited)",
					"@executable_path/Frameworks",
					"@loader_path/Frameworks",
				);
				PRODUCT_BUNDLE_IDENTIFIER = com.zygium.GetPrettyTests;
				PRODUCT_NAME = "$(TARGET_NAME)";
				SWIFT_VERSION = 4.0;
				TARGETED_DEVICE_FAMILY = "1,2";
				TEST_HOST = "$(BUILT_PRODUCTS_DIR)/GetPretty.app/GetPretty";
			};
			name = Debug;
		};
		15D1A55420BA22A300884A1B /* Release */ = {
			isa = XCBuildConfiguration;
			buildSettings = {
				ALWAYS_EMBED_SWIFT_STANDARD_LIBRARIES = YES;
				BUNDLE_LOADER = "$(TEST_HOST)";
				CODE_SIGN_STYLE = Automatic;
				INFOPLIST_FILE = GetPrettyTests/Info.plist;
				LD_RUNPATH_SEARCH_PATHS = (
					"$(inherited)",
					"@executable_path/Frameworks",
					"@loader_path/Frameworks",
				);
				PRODUCT_BUNDLE_IDENTIFIER = com.zygium.GetPrettyTests;
				PRODUCT_NAME = "$(TARGET_NAME)";
				SWIFT_VERSION = 4.0;
				TARGETED_DEVICE_FAMILY = "1,2";
				TEST_HOST = "$(BUILT_PRODUCTS_DIR)/GetPretty.app/GetPretty";
			};
			name = Release;
		};
		15D1A55620BA22A300884A1B /* Debug */ = {
			isa = XCBuildConfiguration;
			buildSettings = {
				ALWAYS_EMBED_SWIFT_STANDARD_LIBRARIES = YES;
				CODE_SIGN_STYLE = Automatic;
				INFOPLIST_FILE = GetPrettyUITests/Info.plist;
				LD_RUNPATH_SEARCH_PATHS = (
					"$(inherited)",
					"@executable_path/Frameworks",
					"@loader_path/Frameworks",
				);
				PRODUCT_BUNDLE_IDENTIFIER = com.zygium.GetPrettyUITests;
				PRODUCT_NAME = "$(TARGET_NAME)";
				SWIFT_VERSION = 4.0;
				TARGETED_DEVICE_FAMILY = "1,2";
				TEST_TARGET_NAME = GetPretty;
			};
			name = Debug;
		};
		15D1A55720BA22A300884A1B /* Release */ = {
			isa = XCBuildConfiguration;
			buildSettings = {
				ALWAYS_EMBED_SWIFT_STANDARD_LIBRARIES = YES;
				CODE_SIGN_STYLE = Automatic;
				INFOPLIST_FILE = GetPrettyUITests/Info.plist;
				LD_RUNPATH_SEARCH_PATHS = (
					"$(inherited)",
					"@executable_path/Frameworks",
					"@loader_path/Frameworks",
				);
				PRODUCT_BUNDLE_IDENTIFIER = com.zygium.GetPrettyUITests;
				PRODUCT_NAME = "$(TARGET_NAME)";
				SWIFT_VERSION = 4.0;
				TARGETED_DEVICE_FAMILY = "1,2";
				TEST_TARGET_NAME = GetPretty;
			};
			name = Release;
		};
/* End XCBuildConfiguration section */

/* Begin XCConfigurationList section */
		15D1A52220BA22A100884A1B /* Build configuration list for PBXProject "GetPretty" */ = {
			isa = XCConfigurationList;
			buildConfigurations = (
				15D1A54D20BA22A300884A1B /* Debug */,
				15D1A54E20BA22A300884A1B /* Release */,
			);
			defaultConfigurationIsVisible = 0;
			defaultConfigurationName = Release;
		};
		15D1A54F20BA22A300884A1B /* Build configuration list for PBXNativeTarget "GetPretty" */ = {
			isa = XCConfigurationList;
			buildConfigurations = (
				15D1A55020BA22A300884A1B /* Debug */,
				15D1A55120BA22A300884A1B /* Release */,
			);
			defaultConfigurationIsVisible = 0;
			defaultConfigurationName = Release;
		};
		15D1A55220BA22A300884A1B /* Build configuration list for PBXNativeTarget "GetPrettyTests" */ = {
			isa = XCConfigurationList;
			buildConfigurations = (
				15D1A55320BA22A300884A1B /* Debug */,
				15D1A55420BA22A300884A1B /* Release */,
			);
			defaultConfigurationIsVisible = 0;
			defaultConfigurationName = Release;
		};
		15D1A55520BA22A300884A1B /* Build configuration list for PBXNativeTarget "GetPrettyUITests" */ = {
			isa = XCConfigurationList;
			buildConfigurations = (
				15D1A55620BA22A300884A1B /* Debug */,
				15D1A55720BA22A300884A1B /* Release */,
			);
			defaultConfigurationIsVisible = 0;
			defaultConfigurationName = Release;
		};
/* End XCConfigurationList section */
	};
	rootObject = 15D1A51F20BA22A100884A1B /* Project object */;
}
